// !$*UTF8*$!
{
	archiveVersion = 1;
	classes = {
	};
	objectVersion = 48;
	objects = {

/* Begin PBXBuildFile section */
		308A739DEC65DC2E8615F931 /* libPods-HFFTDemoUITests.a in Frameworks */ = {isa = PBXBuildFile; fileRef = 9C5EBA560897AA3C644168F8 /* libPods-HFFTDemoUITests.a */; };
		67649F4FF14B8E0AA9B31B9E /* libPods-HFFTDemo.a in Frameworks */ = {isa = PBXBuildFile; fileRef = 5DF9ECF8C877DC0CDA23447C /* libPods-HFFTDemo.a */; };
		6AE9442C1FDA810F000A3BFC /* AppDelegate.m in Sources */ = {isa = PBXBuildFile; fileRef = 6AE9442B1FDA810F000A3BFC /* AppDelegate.m */; };
		6AE9442F1FDA810F000A3BFC /* MasterViewController.m in Sources */ = {isa = PBXBuildFile; fileRef = 6AE9442E1FDA810F000A3BFC /* MasterViewController.m */; };
		6AE944321FDA810F000A3BFC /* DetailViewController.m in Sources */ = {isa = PBXBuildFile; fileRef = 6AE944311FDA810F000A3BFC /* DetailViewController.m */; };
		6AE944351FDA810F000A3BFC /* Main.storyboard in Resources */ = {isa = PBXBuildFile; fileRef = 6AE944331FDA810F000A3BFC /* Main.storyboard */; };
		6AE944371FDA810F000A3BFC /* Assets.xcassets in Resources */ = {isa = PBXBuildFile; fileRef = 6AE944361FDA810F000A3BFC /* Assets.xcassets */; };
		6AE9443A1FDA810F000A3BFC /* LaunchScreen.storyboard in Resources */ = {isa = PBXBuildFile; fileRef = 6AE944381FDA810F000A3BFC /* LaunchScreen.storyboard */; };
		6AE9443D1FDA810F000A3BFC /* main.m in Sources */ = {isa = PBXBuildFile; fileRef = 6AE9443C1FDA810F000A3BFC /* main.m */; };
		6AE944471FDA810F000A3BFC /* HFFTDemoTests.m in Sources */ = {isa = PBXBuildFile; fileRef = 6AE944461FDA810F000A3BFC /* HFFTDemoTests.m */; };
		6AE944521FDA810F000A3BFC /* HFFTDemoUITests.m in Sources */ = {isa = PBXBuildFile; fileRef = 6AE944511FDA810F000A3BFC /* HFFTDemoUITests.m */; };
		6AE944621FDA8857000A3BFC /* ASNetworkingTools.m in Sources */ = {isa = PBXBuildFile; fileRef = 6AE944601FDA8857000A3BFC /* ASNetworkingTools.m */; };
		6AE944661FDBD102000A3BFC /* FTViewController.m in Sources */ = {isa = PBXBuildFile; fileRef = 6AE944641FDBD102000A3BFC /* FTViewController.m */; };
		6AE944671FDBD102000A3BFC /* FTViewController.xib in Resources */ = {isa = PBXBuildFile; fileRef = 6AE944651FDBD102000A3BFC /* FTViewController.xib */; };
		6AE9446B1FDBD6AF000A3BFC /* FTMainController.m in Sources */ = {isa = PBXBuildFile; fileRef = 6AE944691FDBD6AF000A3BFC /* FTMainController.m */; };
		6AE9446C1FDBD6AF000A3BFC /* FTMainController.xib in Resources */ = {isa = PBXBuildFile; fileRef = 6AE9446A1FDBD6AF000A3BFC /* FTMainController.xib */; };
		F3B2AB0B1CADC875E9CC6F92 /* libPods-HFFTDemoTests.a in Frameworks */ = {isa = PBXBuildFile; fileRef = 36C91E364D5E98FA7FF059E4 /* libPods-HFFTDemoTests.a */; };
/* End PBXBuildFile section */

/* Begin PBXContainerItemProxy section */
		6AE944431FDA810F000A3BFC /* PBXContainerItemProxy */ = {
			isa = PBXContainerItemProxy;
			containerPortal = 6AE9441F1FDA810F000A3BFC /* Project object */;
			proxyType = 1;
			remoteGlobalIDString = 6AE944261FDA810F000A3BFC;
			remoteInfo = HFFTDemo;
		};
		6AE9444E1FDA810F000A3BFC /* PBXContainerItemProxy */ = {
			isa = PBXContainerItemProxy;
			containerPortal = 6AE9441F1FDA810F000A3BFC /* Project object */;
			proxyType = 1;
			remoteGlobalIDString = 6AE944261FDA810F000A3BFC;
			remoteInfo = HFFTDemo;
		};
/* End PBXContainerItemProxy section */

/* Begin PBXFileReference section */
		36C91E364D5E98FA7FF059E4 /* libPods-HFFTDemoTests.a */ = {isa = PBXFileReference; explicitFileType = archive.ar; includeInIndex = 0; path = "libPods-HFFTDemoTests.a"; sourceTree = BUILT_PRODUCTS_DIR; };
		5DA60776C5F10870F3A839B1 /* Pods-HFFTDemoTests.release.xcconfig */ = {isa = PBXFileReference; includeInIndex = 1; lastKnownFileType = text.xcconfig; name = "Pods-HFFTDemoTests.release.xcconfig"; path = "Pods/Target Support Files/Pods-HFFTDemoTests/Pods-HFFTDemoTests.release.xcconfig"; sourceTree = "<group>"; };
		5DF9ECF8C877DC0CDA23447C /* libPods-HFFTDemo.a */ = {isa = PBXFileReference; explicitFileType = archive.ar; includeInIndex = 0; path = "libPods-HFFTDemo.a"; sourceTree = BUILT_PRODUCTS_DIR; };
		6AE944271FDA810F000A3BFC /* HFFTDemo.app */ = {isa = PBXFileReference; explicitFileType = wrapper.application; includeInIndex = 0; path = HFFTDemo.app; sourceTree = BUILT_PRODUCTS_DIR; };
		6AE9442A1FDA810F000A3BFC /* AppDelegate.h */ = {isa = PBXFileReference; lastKnownFileType = sourcecode.c.h; path = AppDelegate.h; sourceTree = "<group>"; };
		6AE9442B1FDA810F000A3BFC /* AppDelegate.m */ = {isa = PBXFileReference; lastKnownFileType = sourcecode.c.objc; path = AppDelegate.m; sourceTree = "<group>"; };
		6AE9442D1FDA810F000A3BFC /* MasterViewController.h */ = {isa = PBXFileReference; lastKnownFileType = sourcecode.c.h; path = MasterViewController.h; sourceTree = "<group>"; };
		6AE9442E1FDA810F000A3BFC /* MasterViewController.m */ = {isa = PBXFileReference; lastKnownFileType = sourcecode.c.objc; path = MasterViewController.m; sourceTree = "<group>"; };
		6AE944301FDA810F000A3BFC /* DetailViewController.h */ = {isa = PBXFileReference; lastKnownFileType = sourcecode.c.h; path = DetailViewController.h; sourceTree = "<group>"; };
		6AE944311FDA810F000A3BFC /* DetailViewController.m */ = {isa = PBXFileReference; lastKnownFileType = sourcecode.c.objc; path = DetailViewController.m; sourceTree = "<group>"; };
		6AE944341FDA810F000A3BFC /* Base */ = {isa = PBXFileReference; lastKnownFileType = file.storyboard; name = Base; path = Base.lproj/Main.storyboard; sourceTree = "<group>"; };
		6AE944361FDA810F000A3BFC /* Assets.xcassets */ = {isa = PBXFileReference; lastKnownFileType = folder.assetcatalog; path = Assets.xcassets; sourceTree = "<group>"; };
		6AE944391FDA810F000A3BFC /* Base */ = {isa = PBXFileReference; lastKnownFileType = file.storyboard; name = Base; path = Base.lproj/LaunchScreen.storyboard; sourceTree = "<group>"; };
		6AE9443B1FDA810F000A3BFC /* Info.plist */ = {isa = PBXFileReference; lastKnownFileType = text.plist.xml; path = Info.plist; sourceTree = "<group>"; };
		6AE9443C1FDA810F000A3BFC /* main.m */ = {isa = PBXFileReference; lastKnownFileType = sourcecode.c.objc; path = main.m; sourceTree = "<group>"; };
		6AE944421FDA810F000A3BFC /* HFFTDemoTests.xctest */ = {isa = PBXFileReference; explicitFileType = wrapper.cfbundle; includeInIndex = 0; path = HFFTDemoTests.xctest; sourceTree = BUILT_PRODUCTS_DIR; };
		6AE944461FDA810F000A3BFC /* HFFTDemoTests.m */ = {isa = PBXFileReference; lastKnownFileType = sourcecode.c.objc; path = HFFTDemoTests.m; sourceTree = "<group>"; };
		6AE944481FDA810F000A3BFC /* Info.plist */ = {isa = PBXFileReference; lastKnownFileType = text.plist.xml; path = Info.plist; sourceTree = "<group>"; };
		6AE9444D1FDA810F000A3BFC /* HFFTDemoUITests.xctest */ = {isa = PBXFileReference; explicitFileType = wrapper.cfbundle; includeInIndex = 0; path = HFFTDemoUITests.xctest; sourceTree = BUILT_PRODUCTS_DIR; };
		6AE944511FDA810F000A3BFC /* HFFTDemoUITests.m */ = {isa = PBXFileReference; lastKnownFileType = sourcecode.c.objc; path = HFFTDemoUITests.m; sourceTree = "<group>"; };
		6AE944531FDA810F000A3BFC /* Info.plist */ = {isa = PBXFileReference; lastKnownFileType = text.plist.xml; path = Info.plist; sourceTree = "<group>"; };
		6AE944601FDA8857000A3BFC /* ASNetworkingTools.m */ = {isa = PBXFileReference; fileEncoding = 4; lastKnownFileType = sourcecode.c.objc; path = ASNetworkingTools.m; sourceTree = "<group>"; };
		6AE944611FDA8857000A3BFC /* ASNetworkingTools.h */ = {isa = PBXFileReference; fileEncoding = 4; lastKnownFileType = sourcecode.c.h; path = ASNetworkingTools.h; sourceTree = "<group>"; };
		6AE944631FDBD102000A3BFC /* FTViewController.h */ = {isa = PBXFileReference; lastKnownFileType = sourcecode.c.h; path = FTViewController.h; sourceTree = "<group>"; };
		6AE944641FDBD102000A3BFC /* FTViewController.m */ = {isa = PBXFileReference; lastKnownFileType = sourcecode.c.objc; path = FTViewController.m; sourceTree = "<group>"; };
		6AE944651FDBD102000A3BFC /* FTViewController.xib */ = {isa = PBXFileReference; lastKnownFileType = file.xib; path = FTViewController.xib; sourceTree = "<group>"; };
		6AE944681FDBD6AF000A3BFC /* FTMainController.h */ = {isa = PBXFileReference; lastKnownFileType = sourcecode.c.h; path = FTMainController.h; sourceTree = "<group>"; };
		6AE944691FDBD6AF000A3BFC /* FTMainController.m */ = {isa = PBXFileReference; lastKnownFileType = sourcecode.c.objc; path = FTMainController.m; sourceTree = "<group>"; };
		6AE9446A1FDBD6AF000A3BFC /* FTMainController.xib */ = {isa = PBXFileReference; lastKnownFileType = file.xib; path = FTMainController.xib; sourceTree = "<group>"; };
		88FBA73BCA0B61F58EAA00DC /* Pods-HFFTDemoTests.debug.xcconfig */ = {isa = PBXFileReference; includeInIndex = 1; lastKnownFileType = text.xcconfig; name = "Pods-HFFTDemoTests.debug.xcconfig"; path = "Pods/Target Support Files/Pods-HFFTDemoTests/Pods-HFFTDemoTests.debug.xcconfig"; sourceTree = "<group>"; };
		9440DE4B1CA03D79110B7B89 /* Pods-HFFTDemo.release.xcconfig */ = {isa = PBXFileReference; includeInIndex = 1; lastKnownFileType = text.xcconfig; name = "Pods-HFFTDemo.release.xcconfig"; path = "Pods/Target Support Files/Pods-HFFTDemo/Pods-HFFTDemo.release.xcconfig"; sourceTree = "<group>"; };
		9C5EBA560897AA3C644168F8 /* libPods-HFFTDemoUITests.a */ = {isa = PBXFileReference; explicitFileType = archive.ar; includeInIndex = 0; path = "libPods-HFFTDemoUITests.a"; sourceTree = BUILT_PRODUCTS_DIR; };
		B2939CFE44018CFA60849BF4 /* Pods-HFFTDemo.debug.xcconfig */ = {isa = PBXFileReference; includeInIndex = 1; lastKnownFileType = text.xcconfig; name = "Pods-HFFTDemo.debug.xcconfig"; path = "Pods/Target Support Files/Pods-HFFTDemo/Pods-HFFTDemo.debug.xcconfig"; sourceTree = "<group>"; };
		C2C83BBDF42AE8221F491AF9 /* Pods-HFFTDemoUITests.release.xcconfig */ = {isa = PBXFileReference; includeInIndex = 1; lastKnownFileType = text.xcconfig; name = "Pods-HFFTDemoUITests.release.xcconfig"; path = "Pods/Target Support Files/Pods-HFFTDemoUITests/Pods-HFFTDemoUITests.release.xcconfig"; sourceTree = "<group>"; };
		F1987A4CAFDF0740B657EC04 /* Pods-HFFTDemoUITests.debug.xcconfig */ = {isa = PBXFileReference; includeInIndex = 1; lastKnownFileType = text.xcconfig; name = "Pods-HFFTDemoUITests.debug.xcconfig"; path = "Pods/Target Support Files/Pods-HFFTDemoUITests/Pods-HFFTDemoUITests.debug.xcconfig"; sourceTree = "<group>"; };
/* End PBXFileReference section */

/* Begin PBXFrameworksBuildPhase section */
		6AE944241FDA810F000A3BFC /* Frameworks */ = {
			isa = PBXFrameworksBuildPhase;
			buildActionMask = 2147483647;
			files = (
				67649F4FF14B8E0AA9B31B9E /* libPods-HFFTDemo.a in Frameworks */,
			);
			runOnlyForDeploymentPostprocessing = 0;
		};
		6AE9443F1FDA810F000A3BFC /* Frameworks */ = {
			isa = PBXFrameworksBuildPhase;
			buildActionMask = 2147483647;
			files = (
				F3B2AB0B1CADC875E9CC6F92 /* libPods-HFFTDemoTests.a in Frameworks */,
			);
			runOnlyForDeploymentPostprocessing = 0;
		};
		6AE9444A1FDA810F000A3BFC /* Frameworks */ = {
			isa = PBXFrameworksBuildPhase;
			buildActionMask = 2147483647;
			files = (
				308A739DEC65DC2E8615F931 /* libPods-HFFTDemoUITests.a in Frameworks */,
			);
			runOnlyForDeploymentPostprocessing = 0;
		};
/* End PBXFrameworksBuildPhase section */

/* Begin PBXGroup section */
		6AE9441E1FDA810F000A3BFC = {
			isa = PBXGroup;
			children = (
				6AE944291FDA810F000A3BFC /* HFFTDemo */,
				6AE944451FDA810F000A3BFC /* HFFTDemoTests */,
				6AE944501FDA810F000A3BFC /* HFFTDemoUITests */,
				6AE944281FDA810F000A3BFC /* Products */,
				FA709DF8D43A5492C5591257 /* Pods */,
				BF6F6E364FCB3FE00F286427 /* Frameworks */,
			);
			sourceTree = "<group>";
		};
		6AE944281FDA810F000A3BFC /* Products */ = {
			isa = PBXGroup;
			children = (
				6AE944271FDA810F000A3BFC /* HFFTDemo.app */,
				6AE944421FDA810F000A3BFC /* HFFTDemoTests.xctest */,
				6AE9444D1FDA810F000A3BFC /* HFFTDemoUITests.xctest */,
			);
			name = Products;
			sourceTree = "<group>";
		};
		6AE944291FDA810F000A3BFC /* HFFTDemo */ = {
			isa = PBXGroup;
			children = (
				6AE9445F1FDA8857000A3BFC /* Common */,
				6AE9442A1FDA810F000A3BFC /* AppDelegate.h */,
				6AE9442B1FDA810F000A3BFC /* AppDelegate.m */,
				6AE944631FDBD102000A3BFC /* FTViewController.h */,
				6AE944641FDBD102000A3BFC /* FTViewController.m */,
				6AE944651FDBD102000A3BFC /* FTViewController.xib */,
				6AE944681FDBD6AF000A3BFC /* FTMainController.h */,
				6AE944691FDBD6AF000A3BFC /* FTMainController.m */,
				6AE9446A1FDBD6AF000A3BFC /* FTMainController.xib */,
				6AE9442D1FDA810F000A3BFC /* MasterViewController.h */,
				6AE9442E1FDA810F000A3BFC /* MasterViewController.m */,
				6AE944301FDA810F000A3BFC /* DetailViewController.h */,
				6AE944311FDA810F000A3BFC /* DetailViewController.m */,
				6AE944331FDA810F000A3BFC /* Main.storyboard */,
				6AE944361FDA810F000A3BFC /* Assets.xcassets */,
				6AE944381FDA810F000A3BFC /* LaunchScreen.storyboard */,
				6AE9443B1FDA810F000A3BFC /* Info.plist */,
				6AE9443C1FDA810F000A3BFC /* main.m */,
			);
			path = HFFTDemo;
			sourceTree = "<group>";
		};
		6AE944451FDA810F000A3BFC /* HFFTDemoTests */ = {
			isa = PBXGroup;
			children = (
				6AE944461FDA810F000A3BFC /* HFFTDemoTests.m */,
				6AE944481FDA810F000A3BFC /* Info.plist */,
			);
			path = HFFTDemoTests;
			sourceTree = "<group>";
		};
		6AE944501FDA810F000A3BFC /* HFFTDemoUITests */ = {
			isa = PBXGroup;
			children = (
				6AE944511FDA810F000A3BFC /* HFFTDemoUITests.m */,
				6AE944531FDA810F000A3BFC /* Info.plist */,
			);
			path = HFFTDemoUITests;
			sourceTree = "<group>";
		};
		6AE9445F1FDA8857000A3BFC /* Common */ = {
			isa = PBXGroup;
			children = (
				6AE944601FDA8857000A3BFC /* ASNetworkingTools.m */,
				6AE944611FDA8857000A3BFC /* ASNetworkingTools.h */,
			);
			path = Common;
			sourceTree = "<group>";
		};
		BF6F6E364FCB3FE00F286427 /* Frameworks */ = {
			isa = PBXGroup;
			children = (
				5DF9ECF8C877DC0CDA23447C /* libPods-HFFTDemo.a */,
				36C91E364D5E98FA7FF059E4 /* libPods-HFFTDemoTests.a */,
				9C5EBA560897AA3C644168F8 /* libPods-HFFTDemoUITests.a */,
			);
			name = Frameworks;
			sourceTree = "<group>";
		};
		FA709DF8D43A5492C5591257 /* Pods */ = {
			isa = PBXGroup;
			children = (
				B2939CFE44018CFA60849BF4 /* Pods-HFFTDemo.debug.xcconfig */,
				9440DE4B1CA03D79110B7B89 /* Pods-HFFTDemo.release.xcconfig */,
				88FBA73BCA0B61F58EAA00DC /* Pods-HFFTDemoTests.debug.xcconfig */,
				5DA60776C5F10870F3A839B1 /* Pods-HFFTDemoTests.release.xcconfig */,
				F1987A4CAFDF0740B657EC04 /* Pods-HFFTDemoUITests.debug.xcconfig */,
				C2C83BBDF42AE8221F491AF9 /* Pods-HFFTDemoUITests.release.xcconfig */,
			);
			name = Pods;
			sourceTree = "<group>";
		};
/* End PBXGroup section */

/* Begin PBXNativeTarget section */
		6AE944261FDA810F000A3BFC /* HFFTDemo */ = {
			isa = PBXNativeTarget;
			buildConfigurationList = 6AE944561FDA810F000A3BFC /* Build configuration list for PBXNativeTarget "HFFTDemo" */;
			buildPhases = (
				206C7E2651B6BA49424787F4 /* [CP] Check Pods Manifest.lock */,
				6AE944231FDA810F000A3BFC /* Sources */,
				6AE944241FDA810F000A3BFC /* Frameworks */,
				6AE944251FDA810F000A3BFC /* Resources */,
				86C9DFE7F6CE7FD55A75D95E /* [CP] Embed Pods Frameworks */,
				CC952F9F03C746BFEEBDB505 /* [CP] Copy Pods Resources */,
			);
			buildRules = (
			);
			dependencies = (
			);
			name = HFFTDemo;
			productName = HFFTDemo;
			productReference = 6AE944271FDA810F000A3BFC /* HFFTDemo.app */;
			productType = "com.apple.product-type.application";
		};
		6AE944411FDA810F000A3BFC /* HFFTDemoTests */ = {
			isa = PBXNativeTarget;
			buildConfigurationList = 6AE944591FDA810F000A3BFC /* Build configuration list for PBXNativeTarget "HFFTDemoTests" */;
			buildPhases = (
				A7E1F26338416767AD4780A8 /* [CP] Check Pods Manifest.lock */,
				6AE9443E1FDA810F000A3BFC /* Sources */,
				6AE9443F1FDA810F000A3BFC /* Frameworks */,
				6AE944401FDA810F000A3BFC /* Resources */,
				371E160E60CDD0AB516A8991 /* [CP] Embed Pods Frameworks */,
				E6B57B24543699BC4DC5E85B /* [CP] Copy Pods Resources */,
			);
			buildRules = (
			);
			dependencies = (
				6AE944441FDA810F000A3BFC /* PBXTargetDependency */,
			);
			name = HFFTDemoTests;
			productName = HFFTDemoTests;
			productReference = 6AE944421FDA810F000A3BFC /* HFFTDemoTests.xctest */;
			productType = "com.apple.product-type.bundle.unit-test";
		};
		6AE9444C1FDA810F000A3BFC /* HFFTDemoUITests */ = {
			isa = PBXNativeTarget;
			buildConfigurationList = 6AE9445C1FDA810F000A3BFC /* Build configuration list for PBXNativeTarget "HFFTDemoUITests" */;
			buildPhases = (
				6A7CEEF0137CCC9B8DB84CE4 /* [CP] Check Pods Manifest.lock */,
				6AE944491FDA810F000A3BFC /* Sources */,
				6AE9444A1FDA810F000A3BFC /* Frameworks */,
				6AE9444B1FDA810F000A3BFC /* Resources */,
				9766E5CE306D32A63BA7FBD0 /* [CP] Embed Pods Frameworks */,
				20A6D1CCB5C6FC8E6B44D9C5 /* [CP] Copy Pods Resources */,
			);
			buildRules = (
			);
			dependencies = (
				6AE9444F1FDA810F000A3BFC /* PBXTargetDependency */,
			);
			name = HFFTDemoUITests;
			productName = HFFTDemoUITests;
			productReference = 6AE9444D1FDA810F000A3BFC /* HFFTDemoUITests.xctest */;
			productType = "com.apple.product-type.bundle.ui-testing";
		};
/* End PBXNativeTarget section */

/* Begin PBXProject section */
		6AE9441F1FDA810F000A3BFC /* Project object */ = {
			isa = PBXProject;
			attributes = {
				LastUpgradeCheck = 0910;
				ORGANIZATIONNAME = hanfeng;
				TargetAttributes = {
					6AE944261FDA810F000A3BFC = {
						CreatedOnToolsVersion = 9.1;
						ProvisioningStyle = Automatic;
					};
					6AE944411FDA810F000A3BFC = {
						CreatedOnToolsVersion = 9.1;
						ProvisioningStyle = Automatic;
						TestTargetID = 6AE944261FDA810F000A3BFC;
					};
					6AE9444C1FDA810F000A3BFC = {
						CreatedOnToolsVersion = 9.1;
						ProvisioningStyle = Automatic;
						TestTargetID = 6AE944261FDA810F000A3BFC;
					};
				};
			};
			buildConfigurationList = 6AE944221FDA810F000A3BFC /* Build configuration list for PBXProject "HFFTDemo" */;
			compatibilityVersion = "Xcode 8.0";
			developmentRegion = en;
			hasScannedForEncodings = 0;
			knownRegions = (
				en,
				Base,
			);
			mainGroup = 6AE9441E1FDA810F000A3BFC;
			productRefGroup = 6AE944281FDA810F000A3BFC /* Products */;
			projectDirPath = "";
			projectRoot = "";
			targets = (
				6AE944261FDA810F000A3BFC /* HFFTDemo */,
				6AE944411FDA810F000A3BFC /* HFFTDemoTests */,
				6AE9444C1FDA810F000A3BFC /* HFFTDemoUITests */,
			);
		};
/* End PBXProject section */

/* Begin PBXResourcesBuildPhase section */
		6AE944251FDA810F000A3BFC /* Resources */ = {
			isa = PBXResourcesBuildPhase;
			buildActionMask = 2147483647;
			files = (
				6AE9443A1FDA810F000A3BFC /* LaunchScreen.storyboard in Resources */,
				6AE944371FDA810F000A3BFC /* Assets.xcassets in Resources */,
				6AE9446C1FDBD6AF000A3BFC /* FTMainController.xib in Resources */,
				6AE944671FDBD102000A3BFC /* FTViewController.xib in Resources */,
				6AE944351FDA810F000A3BFC /* Main.storyboard in Resources */,
			);
			runOnlyForDeploymentPostprocessing = 0;
		};
		6AE944401FDA810F000A3BFC /* Resources */ = {
			isa = PBXResourcesBuildPhase;
			buildActionMask = 2147483647;
			files = (
			);
			runOnlyForDeploymentPostprocessing = 0;
		};
		6AE9444B1FDA810F000A3BFC /* Resources */ = {
			isa = PBXResourcesBuildPhase;
			buildActionMask = 2147483647;
			files = (
			);
			runOnlyForDeploymentPostprocessing = 0;
		};
/* End PBXResourcesBuildPhase section */

/* Begin PBXShellScriptBuildPhase section */
		206C7E2651B6BA49424787F4 /* [CP] Check Pods Manifest.lock */ = {
			isa = PBXShellScriptBuildPhase;
			buildActionMask = 2147483647;
			files = (
			);
			inputPaths = (
				"${PODS_PODFILE_DIR_PATH}/Podfile.lock",
				"${PODS_ROOT}/Manifest.lock",
			);
			name = "[CP] Check Pods Manifest.lock";
			outputPaths = (
				"$(DERIVED_FILE_DIR)/Pods-HFFTDemo-checkManifestLockResult.txt",
			);
			runOnlyForDeploymentPostprocessing = 0;
			shellPath = /bin/sh;
			shellScript = "diff \"${PODS_PODFILE_DIR_PATH}/Podfile.lock\" \"${PODS_ROOT}/Manifest.lock\" > /dev/null\nif [ $? != 0 ] ; then\n    # print error to STDERR\n    echo \"error: The sandbox is not in sync with the Podfile.lock. Run 'pod install' or update your CocoaPods installation.\" >&2\n    exit 1\nfi\n# This output is used by Xcode 'outputs' to avoid re-running this script phase.\necho \"SUCCESS\" > \"${SCRIPT_OUTPUT_FILE_0}\"\n";
			showEnvVarsInLog = 0;
		};
		20A6D1CCB5C6FC8E6B44D9C5 /* [CP] Copy Pods Resources */ = {
			isa = PBXShellScriptBuildPhase;
			buildActionMask = 2147483647;
			files = (
			);
			inputPaths = (
			);
			name = "[CP] Copy Pods Resources";
			outputPaths = (
			);
			runOnlyForDeploymentPostprocessing = 0;
			shellPath = /bin/sh;
			shellScript = "\"${SRCROOT}/Pods/Target Support Files/Pods-HFFTDemoUITests/Pods-HFFTDemoUITests-resources.sh\"\n";
			showEnvVarsInLog = 0;
		};
		371E160E60CDD0AB516A8991 /* [CP] Embed Pods Frameworks */ = {
			isa = PBXShellScriptBuildPhase;
			buildActionMask = 2147483647;
			files = (
			);
			inputPaths = (
			);
			name = "[CP] Embed Pods Frameworks";
			outputPaths = (
			);
			runOnlyForDeploymentPostprocessing = 0;
			shellPath = /bin/sh;
			shellScript = "\"${SRCROOT}/Pods/Target Support Files/Pods-HFFTDemoTests/Pods-HFFTDemoTests-frameworks.sh\"\n";
			showEnvVarsInLog = 0;
		};
		6A7CEEF0137CCC9B8DB84CE4 /* [CP] Check Pods Manifest.lock */ = {
			isa = PBXShellScriptBuildPhase;
			buildActionMask = 2147483647;
			files = (
			);
			inputPaths = (
				"${PODS_PODFILE_DIR_PATH}/Podfile.lock",
				"${PODS_ROOT}/Manifest.lock",
			);
			name = "[CP] Check Pods Manifest.lock";
			outputPaths = (
				"$(DERIVED_FILE_DIR)/Pods-HFFTDemoUITests-checkManifestLockResult.txt",
			);
			runOnlyForDeploymentPostprocessing = 0;
			shellPath = /bin/sh;
			shellScript = "diff \"${PODS_PODFILE_DIR_PATH}/Podfile.lock\" \"${PODS_ROOT}/Manifest.lock\" > /dev/null\nif [ $? != 0 ] ; then\n    # print error to STDERR\n    echo \"error: The sandbox is not in sync with the Podfile.lock. Run 'pod install' or update your CocoaPods installation.\" >&2\n    exit 1\nfi\n# This output is used by Xcode 'outputs' to avoid re-running this script phase.\necho \"SUCCESS\" > \"${SCRIPT_OUTPUT_FILE_0}\"\n";
			showEnvVarsInLog = 0;
		};
		86C9DFE7F6CE7FD55A75D95E /* [CP] Embed Pods Frameworks */ = {
			isa = PBXShellScriptBuildPhase;
			buildActionMask = 2147483647;
			files = (
			);
			inputPaths = (
			);
			name = "[CP] Embed Pods Frameworks";
			outputPaths = (
			);
			runOnlyForDeploymentPostprocessing = 0;
			shellPath = /bin/sh;
			shellScript = "\"${SRCROOT}/Pods/Target Support Files/Pods-HFFTDemo/Pods-HFFTDemo-frameworks.sh\"\n";
			showEnvVarsInLog = 0;
		};
		9766E5CE306D32A63BA7FBD0 /* [CP] Embed Pods Frameworks */ = {
			isa = PBXShellScriptBuildPhase;
			buildActionMask = 2147483647;
			files = (
			);
			inputPaths = (
			);
			name = "[CP] Embed Pods Frameworks";
			outputPaths = (
			);
			runOnlyForDeploymentPostprocessing = 0;
			shellPath = /bin/sh;
			shellScript = "\"${SRCROOT}/Pods/Target Support Files/Pods-HFFTDemoUITests/Pods-HFFTDemoUITests-frameworks.sh\"\n";
			showEnvVarsInLog = 0;
		};
		A7E1F26338416767AD4780A8 /* [CP] Check Pods Manifest.lock */ = {
			isa = PBXShellScriptBuildPhase;
			buildActionMask = 2147483647;
			files = (
			);
			inputPaths = (
				"${PODS_PODFILE_DIR_PATH}/Podfile.lock",
				"${PODS_ROOT}/Manifest.lock",
			);
			name = "[CP] Check Pods Manifest.lock";
			outputPaths = (
				"$(DERIVED_FILE_DIR)/Pods-HFFTDemoTests-checkManifestLockResult.txt",
			);
			runOnlyForDeploymentPostprocessing = 0;
			shellPath = /bin/sh;
			shellScript = "diff \"${PODS_PODFILE_DIR_PATH}/Podfile.lock\" \"${PODS_ROOT}/Manifest.lock\" > /dev/null\nif [ $? != 0 ] ; then\n    # print error to STDERR\n    echo \"error: The sandbox is not in sync with the Podfile.lock. Run 'pod install' or update your CocoaPods installation.\" >&2\n    exit 1\nfi\n# This output is used by Xcode 'outputs' to avoid re-running this script phase.\necho \"SUCCESS\" > \"${SCRIPT_OUTPUT_FILE_0}\"\n";
			showEnvVarsInLog = 0;
		};
		CC952F9F03C746BFEEBDB505 /* [CP] Copy Pods Resources */ = {
			isa = PBXShellScriptBuildPhase;
			buildActionMask = 2147483647;
			files = (
			);
			inputPaths = (
			);
			name = "[CP] Copy Pods Resources";
			outputPaths = (
			);
			runOnlyForDeploymentPostprocessing = 0;
			shellPath = /bin/sh;
			shellScript = "\"${SRCROOT}/Pods/Target Support Files/Pods-HFFTDemo/Pods-HFFTDemo-resources.sh\"\n";
			showEnvVarsInLog = 0;
		};
		E6B57B24543699BC4DC5E85B /* [CP] Copy Pods Resources */ = {
			isa = PBXShellScriptBuildPhase;
			buildActionMask = 2147483647;
			files = (
			);
			inputPaths = (
			);
			name = "[CP] Copy Pods Resources";
			outputPaths = (
			);
			runOnlyForDeploymentPostprocessing = 0;
			shellPath = /bin/sh;
			shellScript = "\"${SRCROOT}/Pods/Target Support Files/Pods-HFFTDemoTests/Pods-HFFTDemoTests-resources.sh\"\n";
			showEnvVarsInLog = 0;
		};
/* End PBXShellScriptBuildPhase section */

/* Begin PBXSourcesBuildPhase section */
		6AE944231FDA810F000A3BFC /* Sources */ = {
			isa = PBXSourcesBuildPhase;
			buildActionMask = 2147483647;
			files = (
				6AE9442F1FDA810F000A3BFC /* MasterViewController.m in Sources */,
				6AE9446B1FDBD6AF000A3BFC /* FTMainController.m in Sources */,
				6AE9442C1FDA810F000A3BFC /* AppDelegate.m in Sources */,
				6AE944661FDBD102000A3BFC /* FTViewController.m in Sources */,
				6AE9443D1FDA810F000A3BFC /* main.m in Sources */,
				6AE944321FDA810F000A3BFC /* DetailViewController.m in Sources */,
				6AE944621FDA8857000A3BFC /* ASNetworkingTools.m in Sources */,
			);
			runOnlyForDeploymentPostprocessing = 0;
		};
		6AE9443E1FDA810F000A3BFC /* Sources */ = {
			isa = PBXSourcesBuildPhase;
			buildActionMask = 2147483647;
			files = (
				6AE944471FDA810F000A3BFC /* HFFTDemoTests.m in Sources */,
			);
			runOnlyForDeploymentPostprocessing = 0;
		};
		6AE944491FDA810F000A3BFC /* Sources */ = {
			isa = PBXSourcesBuildPhase;
			buildActionMask = 2147483647;
			files = (
				6AE944521FDA810F000A3BFC /* HFFTDemoUITests.m in Sources */,
			);
			runOnlyForDeploymentPostprocessing = 0;
		};
/* End PBXSourcesBuildPhase section */

/* Begin PBXTargetDependency section */
		6AE944441FDA810F000A3BFC /* PBXTargetDependency */ = {
			isa = PBXTargetDependency;
			target = 6AE944261FDA810F000A3BFC /* HFFTDemo */;
			targetProxy = 6AE944431FDA810F000A3BFC /* PBXContainerItemProxy */;
		};
		6AE9444F1FDA810F000A3BFC /* PBXTargetDependency */ = {
			isa = PBXTargetDependency;
			target = 6AE944261FDA810F000A3BFC /* HFFTDemo */;
			targetProxy = 6AE9444E1FDA810F000A3BFC /* PBXContainerItemProxy */;
		};
/* End PBXTargetDependency section */

/* Begin PBXVariantGroup section */
		6AE944331FDA810F000A3BFC /* Main.storyboard */ = {
			isa = PBXVariantGroup;
			children = (
				6AE944341FDA810F000A3BFC /* Base */,
			);
			name = Main.storyboard;
			sourceTree = "<group>";
		};
		6AE944381FDA810F000A3BFC /* LaunchScreen.storyboard */ = {
			isa = PBXVariantGroup;
			children = (
				6AE944391FDA810F000A3BFC /* Base */,
			);
			name = LaunchScreen.storyboard;
			sourceTree = "<group>";
		};
/* End PBXVariantGroup section */

/* Begin XCBuildConfiguration section */
		6AE944541FDA810F000A3BFC /* Debug */ = {
			isa = XCBuildConfiguration;
			buildSettings = {
				ALWAYS_SEARCH_USER_PATHS = NO;
				CLANG_ANALYZER_NONNULL = YES;
				CLANG_ANALYZER_NUMBER_OBJECT_CONVERSION = YES_AGGRESSIVE;
				CLANG_CXX_LANGUAGE_STANDARD = "gnu++14";
				CLANG_CXX_LIBRARY = "libc++";
				CLANG_ENABLE_MODULES = YES;
				CLANG_ENABLE_OBJC_ARC = YES;
				CLANG_WARN_BLOCK_CAPTURE_AUTORELEASING = YES;
				CLANG_WARN_BOOL_CONVERSION = YES;
				CLANG_WARN_COMMA = YES;
				CLANG_WARN_CONSTANT_CONVERSION = YES;
				CLANG_WARN_DIRECT_OBJC_ISA_USAGE = YES_ERROR;
				CLANG_WARN_DOCUMENTATION_COMMENTS = YES;
				CLANG_WARN_EMPTY_BODY = YES;
				CLANG_WARN_ENUM_CONVERSION = YES;
				CLANG_WARN_INFINITE_RECURSION = YES;
				CLANG_WARN_INT_CONVERSION = YES;
				CLANG_WARN_NON_LITERAL_NULL_CONVERSION = YES;
				CLANG_WARN_OBJC_LITERAL_CONVERSION = YES;
				CLANG_WARN_OBJC_ROOT_CLASS = YES_ERROR;
				CLANG_WARN_RANGE_LOOP_ANALYSIS = YES;
				CLANG_WARN_STRICT_PROTOTYPES = YES;
				CLANG_WARN_SUSPICIOUS_MOVE = YES;
				CLANG_WARN_UNGUARDED_AVAILABILITY = YES_AGGRESSIVE;
				CLANG_WARN_UNREACHABLE_CODE = YES;
				CLANG_WARN__DUPLICATE_METHOD_MATCH = YES;
				CODE_SIGN_IDENTITY = "iPhone Developer";
				COPY_PHASE_STRIP = NO;
				DEBUG_INFORMATION_FORMAT = dwarf;
				ENABLE_STRICT_OBJC_MSGSEND = YES;
				ENABLE_TESTABILITY = YES;
				GCC_C_LANGUAGE_STANDARD = gnu11;
				GCC_DYNAMIC_NO_PIC = NO;
				GCC_NO_COMMON_BLOCKS = YES;
				GCC_OPTIMIZATION_LEVEL = 0;
				GCC_PREPROCESSOR_DEFINITIONS = (
					"DEBUG=1",
					"$(inherited)",
				);
				GCC_WARN_64_TO_32_BIT_CONVERSION = YES;
				GCC_WARN_ABOUT_RETURN_TYPE = YES_ERROR;
				GCC_WARN_UNDECLARED_SELECTOR = YES;
				GCC_WARN_UNINITIALIZED_AUTOS = YES_AGGRESSIVE;
				GCC_WARN_UNUSED_FUNCTION = YES;
				GCC_WARN_UNUSED_VARIABLE = YES;
				IPHONEOS_DEPLOYMENT_TARGET = 11.1;
				MTL_ENABLE_DEBUG_INFO = YES;
				ONLY_ACTIVE_ARCH = YES;
				SDKROOT = iphoneos;
			};
			name = Debug;
		};
		6AE944551FDA810F000A3BFC /* Release */ = {
			isa = XCBuildConfiguration;
			buildSettings = {
				ALWAYS_SEARCH_USER_PATHS = NO;
				CLANG_ANALYZER_NONNULL = YES;
				CLANG_ANALYZER_NUMBER_OBJECT_CONVERSION = YES_AGGRESSIVE;
				CLANG_CXX_LANGUAGE_STANDARD = "gnu++14";
				CLANG_CXX_LIBRARY = "libc++";
				CLANG_ENABLE_MODULES = YES;
				CLANG_ENABLE_OBJC_ARC = YES;
				CLANG_WARN_BLOCK_CAPTURE_AUTORELEASING = YES;
				CLANG_WARN_BOOL_CONVERSION = YES;
				CLANG_WARN_COMMA = YES;
				CLANG_WARN_CONSTANT_CONVERSION = YES;
				CLANG_WARN_DIRECT_OBJC_ISA_USAGE = YES_ERROR;
				CLANG_WARN_DOCUMENTATION_COMMENTS = YES;
				CLANG_WARN_EMPTY_BODY = YES;
				CLANG_WARN_ENUM_CONVERSION = YES;
				CLANG_WARN_INFINITE_RECURSION = YES;
				CLANG_WARN_INT_CONVERSION = YES;
				CLANG_WARN_NON_LITERAL_NULL_CONVERSION = YES;
				CLANG_WARN_OBJC_LITERAL_CONVERSION = YES;
				CLANG_WARN_OBJC_ROOT_CLASS = YES_ERROR;
				CLANG_WARN_RANGE_LOOP_ANALYSIS = YES;
				CLANG_WARN_STRICT_PROTOTYPES = YES;
				CLANG_WARN_SUSPICIOUS_MOVE = YES;
				CLANG_WARN_UNGUARDED_AVAILABILITY = YES_AGGRESSIVE;
				CLANG_WARN_UNREACHABLE_CODE = YES;
				CLANG_WARN__DUPLICATE_METHOD_MATCH = YES;
				CODE_SIGN_IDENTITY = "iPhone Developer";
				COPY_PHASE_STRIP = NO;
				DEBUG_INFORMATION_FORMAT = "dwarf-with-dsym";
				ENABLE_NS_ASSERTIONS = NO;
				ENABLE_STRICT_OBJC_MSGSEND = YES;
				GCC_C_LANGUAGE_STANDARD = gnu11;
				GCC_NO_COMMON_BLOCKS = YES;
				GCC_WARN_64_TO_32_BIT_CONVERSION = YES;
				GCC_WARN_ABOUT_RETURN_TYPE = YES_ERROR;
				GCC_WARN_UNDECLARED_SELECTOR = YES;
				GCC_WARN_UNINITIALIZED_AUTOS = YES_AGGRESSIVE;
				GCC_WARN_UNUSED_FUNCTION = YES;
				GCC_WARN_UNUSED_VARIABLE = YES;
				IPHONEOS_DEPLOYMENT_TARGET = 11.1;
				MTL_ENABLE_DEBUG_INFO = NO;
				SDKROOT = iphoneos;
				VALIDATE_PRODUCT = YES;
			};
			name = Release;
		};
		6AE944571FDA810F000A3BFC /* Debug */ = {
			isa = XCBuildConfiguration;
			baseConfigurationReference = B2939CFE44018CFA60849BF4 /* Pods-HFFTDemo.debug.xcconfig */;
			buildSettings = {
				ASSETCATALOG_COMPILER_APPICON_NAME = AppIcon;
				CODE_SIGN_STYLE = Automatic;
				DEVELOPMENT_TEAM = 39R6VHSDLS;
				INFOPLIST_FILE = HFFTDemo/Info.plist;
				LD_RUNPATH_SEARCH_PATHS = "$(inherited) @executable_path/Frameworks";
				PRODUCT_BUNDLE_IDENTIFIER = zzuli.cn.HFFTDemo;
				PRODUCT_NAME = "$(TARGET_NAME)";
				TARGETED_DEVICE_FAMILY = "1,2";
			};
			name = Debug;
		};
		6AE944581FDA810F000A3BFC /* Release */ = {
			isa = XCBuildConfiguration;
			baseConfigurationReference = 9440DE4B1CA03D79110B7B89 /* Pods-HFFTDemo.release.xcconfig */;
			buildSettings = {
				ASSETCATALOG_COMPILER_APPICON_NAME = AppIcon;
				CODE_SIGN_STYLE = Automatic;
				DEVELOPMENT_TEAM = 39R6VHSDLS;
				INFOPLIST_FILE = HFFTDemo/Info.plist;
				LD_RUNPATH_SEARCH_PATHS = "$(inherited) @executable_path/Frameworks";
				PRODUCT_BUNDLE_IDENTIFIER = zzuli.cn.HFFTDemo;
				PRODUCT_NAME = "$(TARGET_NAME)";
				TARGETED_DEVICE_FAMILY = "1,2";
			};
			name = Release;
		};
		6AE9445A1FDA810F000A3BFC /* Debug */ = {
			isa = XCBuildConfiguration;
			baseConfigurationReference = 88FBA73BCA0B61F58EAA00DC /* Pods-HFFTDemoTests.debug.xcconfig */;
			buildSettings = {
				BUNDLE_LOADER = "$(TEST_HOST)";
				CODE_SIGN_STYLE = Automatic;
				DEVELOPMENT_TEAM = 39R6VHSDLS;
				INFOPLIST_FILE = HFFTDemoTests/Info.plist;
				LD_RUNPATH_SEARCH_PATHS = "$(inherited) @executable_path/Frameworks @loader_path/Frameworks";
				PRODUCT_BUNDLE_IDENTIFIER = zzuli.cn.HFFTDemoTests;
				PRODUCT_NAME = "$(TARGET_NAME)";
				TARGETED_DEVICE_FAMILY = "1,2";
				TEST_HOST = "$(BUILT_PRODUCTS_DIR)/HFFTDemo.app/HFFTDemo";
			};
			name = Debug;
		};
		6AE9445B1FDA810F000A3BFC /* Release */ = {
			isa = XCBuildConfiguration;
			baseConfigurationReference = 5DA60776C5F10870F3A839B1 /* Pods-HFFTDemoTests.release.xcconfig */;
			buildSettings = {
				BUNDLE_LOADER = "$(TEST_HOST)";
				CODE_SIGN_STYLE = Automatic;
				DEVELOPMENT_TEAM = 39R6VHSDLS;
				INFOPLIST_FILE = HFFTDemoTests/Info.plist;
				LD_RUNPATH_SEARCH_PATHS = "$(inherited) @executable_path/Frameworks @loader_path/Frameworks";
				PRODUCT_BUNDLE_IDENTIFIER = zzuli.cn.HFFTDemoTests;
				PRODUCT_NAME = "$(TARGET_NAME)";
				TARGETED_DEVICE_FAMILY = "1,2";
				TEST_HOST = "$(BUILT_PRODUCTS_DIR)/HFFTDemo.app/HFFTDemo";
			};
			name = Release;
		};
		6AE9445D1FDA810F000A3BFC /* Debug */ = {
			isa = XCBuildConfiguration;
			baseConfigurationReference = F1987A4CAFDF0740B657EC04 /* Pods-HFFTDemoUITests.debug.xcconfig */;
			buildSettings = {
				CODE_SIGN_STYLE = Automatic;
				DEVELOPMENT_TEAM = 39R6VHSDLS;
				INFOPLIST_FILE = HFFTDemoUITests/Info.plist;
				LD_RUNPATH_SEARCH_PATHS = "$(inherited) @executable_path/Frameworks @loader_path/Frameworks";
				PRODUCT_BUNDLE_IDENTIFIER = zzuli.cn.HFFTDemoUITests;
				PRODUCT_NAME = "$(TARGET_NAME)";
				TARGETED_DEVICE_FAMILY = "1,2";
				TEST_TARGET_NAME = HFFTDemo;
			};
			name = Debug;
		};
		6AE9445E1FDA810F000A3BFC /* Release */ = {
			isa = XCBuildConfiguration;
			baseConfigurationReference = C2C83BBDF42AE8221F491AF9 /* Pods-HFFTDemoUITests.release.xcconfig */;
			buildSettings = {
				CODE_SIGN_STYLE = Automatic;
				DEVELOPMENT_TEAM = 39R6VHSDLS;
				INFOPLIST_FILE = HFFTDemoUITests/Info.plist;
				LD_RUNPATH_SEARCH_PATHS = "$(inherited) @executable_path/Frameworks @loader_path/Frameworks";
				PRODUCT_BUNDLE_IDENTIFIER = zzuli.cn.HFFTDemoUITests;
				PRODUCT_NAME = "$(TARGET_NAME)";
				TARGETED_DEVICE_FAMILY = "1,2";
				TEST_TARGET_NAME = HFFTDemo;
			};
			name = Release;
		};
/* End XCBuildConfiguration section */

/* Begin XCConfigurationList section */
		6AE944221FDA810F000A3BFC /* Build configuration list for PBXProject "HFFTDemo" */ = {
			isa = XCConfigurationList;
			buildConfigurations = (
				6AE944541FDA810F000A3BFC /* Debug */,
				6AE944551FDA810F000A3BFC /* Release */,
			);
			defaultConfigurationIsVisible = 0;
			defaultConfigurationName = Release;
		};
		6AE944561FDA810F000A3BFC /* Build configuration list for PBXNativeTarget "HFFTDemo" */ = {
			isa = XCConfigurationList;
			buildConfigurations = (
				6AE944571FDA810F000A3BFC /* Debug */,
				6AE944581FDA810F000A3BFC /* Release */,
			);
			defaultConfigurationIsVisible = 0;
			defaultConfigurationName = Release;
		};
		6AE944591FDA810F000A3BFC /* Build configuration list for PBXNativeTarget "HFFTDemoTests" */ = {
			isa = XCConfigurationList;
			buildConfigurations = (
				6AE9445A1FDA810F000A3BFC /* Debug */,
				6AE9445B1FDA810F000A3BFC /* Release */,
			);
			defaultConfigurationIsVisible = 0;
			defaultConfigurationName = Release;
		};
		6AE9445C1FDA810F000A3BFC /* Build configuration list for PBXNativeTarget "HFFTDemoUITests" */ = {
			isa = XCConfigurationList;
			buildConfigurations = (
				6AE9445D1FDA810F000A3BFC /* Debug */,
				6AE9445E1FDA810F000A3BFC /* Release */,
			);
			defaultConfigurationIsVisible = 0;
			defaultConfigurationName = Release;
		};
/* End XCConfigurationList section */
	};
	rootObject = 6AE9441F1FDA810F000A3BFC /* Project object */;
}
